
Microsoft Visual Studio Solution File, Format Version 12.00
# Visual Studio Version 17
VisualStudioVersion = 17.0.31903.59
MinimumVisualStudioVersion = 10.0.40219.1

Project("{2150E333-8FDC-42A3-9474-1A3956D46DE8}") = "src", "src", "{A1B2C3D4-E5F6-4A5B-8C7D-9E0F1A2B3C4D}"
EndProject
Project("{2150E333-8FDC-42A3-9474-1A3956D46DE8}") = "Services", "Services", "{B2C3D4E5-F6A7-4B5C-9D8E-0F1A2B3C4D5E}"
EndProject
Project("{2150E333-8FDC-42A3-9474-1A3956D46DE8}") = "Catalog", "Catalog", "{C3D4E5F6-A7B8-4C5D-0E9F-1A2B3C4D5E6F}"
EndProject
Project("{2150E333-8FDC-42A3-9474-1A3956D46DE8}") = "Order", "Order", "{D4E5F6A7-B8C9-4D5E-1F0A-2B3C4D5E6F7A}"
EndProject
Project("{2150E333-8FDC-42A3-9474-1A3956D46DE8}") = "BuildingBlocks", "BuildingBlocks", "{E5F6A7B8-C9D0-4E5F-2A1B-3C4D5E6F7A8B}"
EndProject
Project("{2150E333-8FDC-42A3-9474-1A3956D46DE8}") = "ApiGateways", "ApiGateways", "{F6A7B8C9-D0E1-4F5A-3B2C-4D5E6F7A8B9C}"
EndProject

Project("{FAE04EC0-301F-11D3-BF4B-00C04F79EFBC}") = "Catalog.Domain", "src\Services\Catalog\Catalog.Domain\Catalog.Domain.csproj", "{A1111111-1111-1111-1111-111111111111}"
EndProject
Project("{FAE04EC0-301F-11D3-BF4B-00C04F79EFBC}") = "Catalog.Application", "src\Services\Catalog\Catalog.Application\Catalog.Application.csproj", "{A2222222-2222-2222-2222-222222222222}"
EndProject
Project("{FAE04EC0-301F-11D3-BF4B-00C04F79EFBC}") = "Catalog.Infrastructure", "src\Services\Catalog\Catalog.Infrastructure\Catalog.Infrastructure.csproj", "{A3333333-3333-3333-3333-333333333333}"
EndProject
Project("{FAE04EC0-301F-11D3-BF4B-00C04F79EFBC}") = "Catalog.API", "src\Services\Catalog\Catalog.API\Catalog.API.csproj", "{A4444444-4444-4444-4444-444444444444}"
EndProject

Project("{FAE04EC0-301F-11D3-BF4B-00C04F79EFBC}") = "Order.Domain", "src\Services\Order\Order.Domain\Order.Domain.csproj", "{B1111111-1111-1111-1111-111111111111}"
EndProject
Project("{FAE04EC0-301F-11D3-BF4B-00C04F79EFBC}") = "Order.Application", "src\Services\Order\Order.Application\Order.Application.csproj", "{B2222222-2222-2222-2222-222222222222}"
EndProject
Project("{FAE04EC0-301F-11D3-BF4B-00C04F79EFBC}") = "Order.Infrastructure", "src\Services\Order\Order.Infrastructure\Order.Infrastructure.csproj", "{B3333333-3333-3333-3333-333333333333}"
EndProject
Project("{FAE04EC0-301F-11D3-BF4B-00C04F79EFBC}") = "Order.API", "src\Services\Order\Order.API\Order.API.csproj", "{B4444444-4444-4444-4444-444444444444}"
EndProject

Project("{FAE04EC0-301F-11D3-BF4B-00C04F79EFBC}") = "BuildingBlocks.Messaging", "src\BuildingBlocks\BuildingBlocks.Messaging\BuildingBlocks.Messaging.csproj", "{C1111111-1111-1111-1111-111111111111}"
EndProject

Global
	GlobalSection(SolutionConfigurationPlatforms) = preSolution
		Debug|Any CPU = Debug|Any CPU
		Release|Any CPU = Release|Any CPU
	EndGlobalSection
	GlobalSection(NestedProjects) = preSolution
		{B2C3D4E5-F6A7-4B5C-9D8E-0F1A2B3C4D5E} = {A1B2C3D4-E5F6-4A5B-8C7D-9E0F1A2B3C4D}
		{C3D4E5F6-A7B8-4C5D-0E9F-1A2B3C4D5E6F} = {B2C3D4E5-F6A7-4B5C-9D8E-0F1A2B3C4D5E}
		{D4E5F6A7-B8C9-4D5E-1F0A-2B3C4D5E6F7A} = {B2C3D4E5-F6A7-4B5C-9D8E-0F1A2B3C4D5E}
		{E5F6A7B8-C9D0-4E5F-2A1B-3C4D5E6F7A8B} = {A1B2C3D4-E5F6-4A5B-8C7D-9E0F1A2B3C4D}
		{F6A7B8C9-D0E1-4F5A-3B2C-4D5E6F7A8B9C} = {A1B2C3D4-E5F6-4A5B-8C7D-9E0F1A2B3C4D}

		{A1111111-1111-1111-1111-111111111111} = {C3D4E5F6-A7B8-4C5D-0E9F-1A2B3C4D5E6F}
		{A2222222-2222-2222-2222-222222222222} = {C3D4E5F6-A7B8-4C5D-0E9F-1A2B3C4D5E6F}
		{A3333333-3333-3333-3333-333333333333} = {C3D4E5F6-A7B8-4C5D-0E9F-1A2B3C4D5E6F}
		{A4444444-4444-4444-4444-444444444444} = {C3D4E5F6-A7B8-4C5D-0E9F-1A2B3C4D5E6F}

		{B1111111-1111-1111-1111-111111111111} = {D4E5F6A7-B8C9-4D5E-1F0A-2B3C4D5E6F7A}
		{B2222222-2222-2222-2222-222222222222} = {D4E5F6A7-B8C9-4D5E-1F0A-2B3C4D5E6F7A}
		{B3333333-3333-3333-3333-333333333333} = {D4E5F6A7-B8C9-4D5E-1F0A-2B3C4D5E6F7A}
		{B4444444-4444-4444-4444-444444444444} = {D4E5F6A7-B8C9-4D5E-1F0A-2B3C4D5E6F7A}

		{C1111111-1111-1111-1111-111111111111} = {E5F6A7B8-C9D0-4E5F-2A1B-3C4D5E6F7A8B}
	EndGlobalSection
EndGlobal
